
Microsoft Visual Studio Solution File, Format Version 12.00
# Visual Studio 15
Project("{FAE04EC0-301F-11D3-BF4B-00C04F79EFBC}") = "Assembly-CSharp", "Assembly-CSharp.csproj", "{7875BF6F-DF85-92B8-EFB8-45D23AB48024}"
EndProject
Project("{FAE04EC0-301F-11D3-BF4B-00C04F79EFBC}") = "AstarPathfindingProject", "AstarPathfindingProject.csproj", "{5C1473C3-BAC8-E612-1AAB-D0E518A932A0}"
EndProject
Project("{FAE04EC0-301F-11D3-BF4B-00C04F79EFBC}") = "Unity.2D.Animation.Samples.Runtime", "Unity.2D.Animation.Samples.Runtime.csproj", "{5D430D07-5887-A731-4BBF-ECCCFB1E127C}"
EndProject
Project("{FAE04EC0-301F-11D3-BF4B-00C04F79EFBC}") = "Unity.2D.PixelPerfect.Samples", "Unity.2D.PixelPerfect.Samples.csproj", "{B0C4F89E-8C83-2CF5-0717-BC1FBFB4BAE6}"
EndProject
Project("{FAE04EC0-301F-11D3-BF4B-00C04F79EFBC}") = "Assembly-CSharp-firstpass", "Assembly-CSharp-firstpass.csproj", "{4F62776E-F47B-47FE-D3F3-51B4B8D1B7FB}"
EndProject
Project("{FAE04EC0-301F-11D3-BF4B-00C04F79EFBC}") = "Unity.2D.Animation.Samples.Dependency", "Unity.2D.Animation.Samples.Dependency.csproj", "{5BA81350-EE90-3B23-86EA-D851FD47D381}"
EndProject
Project("{FAE04EC0-301F-11D3-BF4B-00C04F79EFBC}") = "Assembly-CSharp-Editor", "Assembly-CSharp-Editor.csproj", "{203CA1FC-9DC2-0333-975C-9E109CA7C051}"
EndProject
Project("{FAE04EC0-301F-11D3-BF4B-00C04F79EFBC}") = "AstarPathfindingProjectEditor", "AstarPathfindingProjectEditor.csproj", "{4F7FF60A-CB61-8270-563C-FF5D2A4DD08D}"
EndProject
Project("{FAE04EC0-301F-11D3-BF4B-00C04F79EFBC}") = "PackageToolsEditor", "PackageToolsEditor.csproj", "{61325599-D33F-105F-93AD-DA2EBF843CC4}"
EndProject
Project("{FAE04EC0-301F-11D3-BF4B-00C04F79EFBC}") = "Unity.2D.PixelPerfect.Samples.Editor", "Unity.2D.PixelPerfect.Samples.Editor.csproj", "{55C25EF5-1BB8-BECC-307C-B22FA96CF18A}"
EndProject
Project("{FAE04EC0-301F-11D3-BF4B-00C04F79EFBC}") = "Unity.2D.Animation.Samples.Editor", "Unity.2D.Animation.Samples.Editor.csproj", "{76890194-F017-FB60-FFCB-25FAF9DE07FF}"
EndProject
Global
	GlobalSection(SolutionConfigurationPlatforms) = preSolution
		Debug|Any CPU = Debug|Any CPU
		Release|Any CPU = Release|Any CPU
	EndGlobalSection
	GlobalSection(ProjectConfigurationPlatforms) = postSolution
		{7875BF6F-DF85-92B8-EFB8-45D23AB48024}.Debug|Any CPU.ActiveCfg = Debug|Any CPU
		{7875BF6F-DF85-92B8-EFB8-45D23AB48024}.Debug|Any CPU.Build.0 = Debug|Any CPU
		{7875BF6F-DF85-92B8-EFB8-45D23AB48024}.Release|Any CPU.ActiveCfg = Release|Any CPU
		{7875BF6F-DF85-92B8-EFB8-45D23AB48024}.Release|Any CPU.Build.0 = Release|Any CPU
		{5C1473C3-BAC8-E612-1AAB-D0E518A932A0}.Debug|Any CPU.ActiveCfg = Debug|Any CPU
		{5C1473C3-BAC8-E612-1AAB-D0E518A932A0}.Debug|Any CPU.Build.0 = Debug|Any CPU
		{5C1473C3-BAC8-E612-1AAB-D0E518A932A0}.Release|Any CPU.ActiveCfg = Release|Any CPU
		{5C1473C3-BAC8-E612-1AAB-D0E518A932A0}.Release|Any CPU.Build.0 = Release|Any CPU
		{5D430D07-5887-A731-4BBF-ECCCFB1E127C}.Debug|Any CPU.ActiveCfg = Debug|Any CPU
		{5D430D07-5887-A731-4BBF-ECCCFB1E127C}.Debug|Any CPU.Build.0 = Debug|Any CPU
		{5D430D07-5887-A731-4BBF-ECCCFB1E127C}.Release|Any CPU.ActiveCfg = Release|Any CPU
		{5D430D07-5887-A731-4BBF-ECCCFB1E127C}.Release|Any CPU.Build.0 = Release|Any CPU
		{B0C4F89E-8C83-2CF5-0717-BC1FBFB4BAE6}.Debug|Any CPU.ActiveCfg = Debug|Any CPU
		{B0C4F89E-8C83-2CF5-0717-BC1FBFB4BAE6}.Debug|Any CPU.Build.0 = Debug|Any CPU
		{B0C4F89E-8C83-2CF5-0717-BC1FBFB4BAE6}.Release|Any CPU.ActiveCfg = Release|Any CPU
		{B0C4F89E-8C83-2CF5-0717-BC1FBFB4BAE6}.Release|Any CPU.Build.0 = Release|Any CPU
		{4F62776E-F47B-47FE-D3F3-51B4B8D1B7FB}.Debug|Any CPU.ActiveCfg = Debug|Any CPU
		{4F62776E-F47B-47FE-D3F3-51B4B8D1B7FB}.Debug|Any CPU.Build.0 = Debug|Any CPU
		{4F62776E-F47B-47FE-D3F3-51B4B8D1B7FB}.Release|Any CPU.ActiveCfg = Release|Any CPU
		{4F62776E-F47B-47FE-D3F3-51B4B8D1B7FB}.Release|Any CPU.Build.0 = Release|Any CPU
		{5BA81350-EE90-3B23-86EA-D851FD47D381}.Debug|Any CPU.ActiveCfg = Debug|Any CPU
		{5BA81350-EE90-3B23-86EA-D851FD47D381}.Debug|Any CPU.Build.0 = Debug|Any CPU
		{5BA81350-EE90-3B23-86EA-D851FD47D381}.Release|Any CPU.ActiveCfg = Release|Any CPU
		{5BA81350-EE90-3B23-86EA-D851FD47D381}.Release|Any CPU.Build.0 = Release|Any CPU
		{203CA1FC-9DC2-0333-975C-9E109CA7C051}.Debug|Any CPU.ActiveCfg = Debug|Any CPU
		{203CA1FC-9DC2-0333-975C-9E109CA7C051}.Debug|Any CPU.Build.0 = Debug|Any CPU
		{203CA1FC-9DC2-0333-975C-9E109CA7C051}.Release|Any CPU.ActiveCfg = Release|Any CPU
		{203CA1FC-9DC2-0333-975C-9E109CA7C051}.Release|Any CPU.Build.0 = Release|Any CPU
		{4F7FF60A-CB61-8270-563C-FF5D2A4DD08D}.Debug|Any CPU.ActiveCfg = Debug|Any CPU
		{4F7FF60A-CB61-8270-563C-FF5D2A4DD08D}.Debug|Any CPU.Build.0 = Debug|Any CPU
		{4F7FF60A-CB61-8270-563C-FF5D2A4DD08D}.Release|Any CPU.ActiveCfg = Release|Any CPU
		{4F7FF60A-CB61-8270-563C-FF5D2A4DD08D}.Release|Any CPU.Build.0 = Release|Any CPU
		{61325599-D33F-105F-93AD-DA2EBF843CC4}.Debug|Any CPU.ActiveCfg = Debug|Any CPU
		{61325599-D33F-105F-93AD-DA2EBF843CC4}.Debug|Any CPU.Build.0 = Debug|Any CPU
		{61325599-D33F-105F-93AD-DA2EBF843CC4}.Release|Any CPU.ActiveCfg = Release|Any CPU
		{61325599-D33F-105F-93AD-DA2EBF843CC4}.Release|Any CPU.Build.0 = Release|Any CPU
		{55C25EF5-1BB8-BECC-307C-B22FA96CF18A}.Debug|Any CPU.ActiveCfg = Debug|Any CPU
		{55C25EF5-1BB8-BECC-307C-B22FA96CF18A}.Debug|Any CPU.Build.0 = Debug|Any CPU
		{55C25EF5-1BB8-BECC-307C-B22FA96CF18A}.Release|Any CPU.ActiveCfg = Release|Any CPU
		{55C25EF5-1BB8-BECC-307C-B22FA96CF18A}.Release|Any CPU.Build.0 = Release|Any CPU
		{76890194-F017-FB60-FFCB-25FAF9DE07FF}.Debug|Any CPU.ActiveCfg = Debug|Any CPU
		{76890194-F017-FB60-FFCB-25FAF9DE07FF}.Debug|Any CPU.Build.0 = Debug|Any CPU
		{76890194-F017-FB60-FFCB-25FAF9DE07FF}.Release|Any CPU.ActiveCfg = Release|Any CPU
		{76890194-F017-FB60-FFCB-25FAF9DE07FF}.Release|Any CPU.Build.0 = Release|Any CPU
	EndGlobalSection
	GlobalSection(SolutionProperties) = preSolution
		HideSolutionNode = FALSE
	EndGlobalSection
EndGlobal
